{
  "version": 3,
  "targets": {
    ".NETCoreApp,Version=v3.1": {
      "Microsoft.NETCore.Platforms/5.0.0": {
        "type": "package",
        "compile": {
          "lib/netstandard1.0/_._": {}
        },
        "runtime": {
          "lib/netstandard1.0/_._": {}
        }
      },
      "Microsoft.Win32.SystemEvents/5.0.0": {
        "type": "package",
        "dependencies": {
          "Microsoft.NETCore.Platforms": "5.0.0"
        },
        "compile": {
          "ref/netstandard2.0/_._": {}
        },
        "runtime": {
          "lib/netstandard2.0/Microsoft.Win32.SystemEvents.dll": {}
        },
        "runtimeTargets": {
          "runtimes/win/lib/netcoreapp3.0/Microsoft.Win32.SystemEvents.dll": {
            "assetType": "runtime",
            "rid": "win"
          }
        }
      },
      "System.Drawing.Common/5.0.0": {
        "type": "package",
        "dependencies": {
          "Microsoft.Win32.SystemEvents": "5.0.0"
        },
        "compile": {
          "ref/netcoreapp3.0/System.Drawing.Common.dll": {}
        },
        "runtime": {
          "lib/netcoreapp3.0/System.Drawing.Common.dll": {}
        },
        "runtimeTargets": {
          "runtimes/unix/lib/netcoreapp3.0/System.Drawing.Common.dll": {
            "assetType": "runtime",
            "rid": "unix"
          },
          "runtimes/win/lib/netcoreapp3.0/System.Drawing.Common.dll": {
            "assetType": "runtime",
            "rid": "win"
          }
        }
      },
      "WordCloud/1.0.0.3": {
        "type": "package",
        "compile": {
          "lib/net45/WordCloud.dll": {}
        },
        "runtime": {
          "lib/net45/WordCloud.dll": {}
        }
      }
    }
  },
  "libraries": {
    "Microsoft.NETCore.Platforms/5.0.0": {
      "sha512": "VyPlqzH2wavqquTcYpkIIAQ6WdenuKoFN0BdYBbCWsclXacSOHNQn66Gt4z5NBqEYW0FAPm5rlvki9ZiCij5xQ==",
      "type": "package",
      "path": "microsoft.netcore.platforms/5.0.0",
      "files": [
        ".nupkg.metadata",
        ".signature.p7s",
        "Icon.png",
        "LICENSE.TXT",
        "THIRD-PARTY-NOTICES.TXT",
        "lib/netstandard1.0/_._",
        "microsoft.netcore.platforms.5.0.0.nupkg.sha512",
        "microsoft.netcore.platforms.nuspec",
        "runtime.json",
        "useSharedDesignerContext.txt",
        "version.txt"
      ]
    },
    "Microsoft.Win32.SystemEvents/5.0.0": {
      "sha512": "Bh6blKG8VAKvXiLe2L+sEsn62nc1Ij34MrNxepD2OCrS5cpCwQa9MeLyhVQPQ/R4Wlzwuy6wMK8hLb11QPDRsQ==",
      "type": "package",
      "path": "microsoft.win32.systemevents/5.0.0",
      "files": [
        ".nupkg.metadata",
        ".signature.p7s",
        "Icon.png",
        "LICENSE.TXT",
        "THIRD-PARTY-NOTICES.TXT",
        "lib/net461/Microsoft.Win32.SystemEvents.dll",
        "lib/net461/Microsoft.Win32.SystemEvents.xml",
        "lib/netstandard2.0/Microsoft.Win32.SystemEvents.dll",
        "lib/netstandard2.0/Microsoft.Win32.SystemEvents.xml",
        "microsoft.win32.systemevents.5.0.0.nupkg.sha512",
        "microsoft.win32.systemevents.nuspec",
        "ref/net461/Microsoft.Win32.SystemEvents.dll",
        "ref/net461/Microsoft.Win32.SystemEvents.xml",
        "ref/netstandard2.0/Microsoft.Win32.SystemEvents.dll",
        "ref/netstandard2.0/Microsoft.Win32.SystemEvents.xml",
        "runtimes/win/lib/netcoreapp2.0/Microsoft.Win32.SystemEvents.dll",
        "runtimes/win/lib/netcoreapp2.0/Microsoft.Win32.SystemEvents.xml",
        "runtimes/win/lib/netcoreapp3.0/Microsoft.Win32.SystemEvents.dll",
        "runtimes/win/lib/netcoreapp3.0/Microsoft.Win32.SystemEvents.xml",
        "useSharedDesignerContext.txt",
        "version.txt"
      ]
    },
    "System.Drawing.Common/5.0.0": {
      "sha512": "SztFwAnpfKC8+sEKXAFxCBWhKQaEd97EiOL7oZJZP56zbqnLpmxACWA8aGseaUExciuEAUuR9dY8f7HkTRAdnw==",
      "type": "package",
      "path": "system.drawing.common/5.0.0",
      "files": [
        ".nupkg.metadata",
        ".signature.p7s",
        "Icon.png",
        "LICENSE.TXT",
        "THIRD-PARTY-NOTICES.TXT",
        "lib/MonoAndroid10/_._",
        "lib/MonoTouch10/_._",
        "lib/net461/System.Drawing.Common.dll",
        "lib/netcoreapp3.0/System.Drawing.Common.dll",
        "lib/netcoreapp3.0/System.Drawing.Common.xml",
        "lib/netstandard2.0/System.Drawing.Common.dll",
        "lib/xamarinios10/_._",
        "lib/xamarinmac20/_._",
        "lib/xamarintvos10/_._",
        "lib/xamarinwatchos10/_._",
        "ref/MonoAndroid10/_._",
        "ref/MonoTouch10/_._",
        "ref/net461/System.Drawing.Common.dll",
        "ref/netcoreapp3.0/System.Drawing.Common.dll",
        "ref/netcoreapp3.0/System.Drawing.Common.xml",
        "ref/netstandard2.0/System.Drawing.Common.dll",
        "ref/xamarinios10/_._",
        "ref/xamarinmac20/_._",
        "ref/xamarintvos10/_._",
        "ref/xamarinwatchos10/_._",
        "runtimes/unix/lib/netcoreapp2.0/System.Drawing.Common.dll",
        "runtimes/unix/lib/netcoreapp3.0/System.Drawing.Common.dll",
        "runtimes/unix/lib/netcoreapp3.0/System.Drawing.Common.xml",
        "runtimes/win/lib/netcoreapp2.0/System.Drawing.Common.dll",
        "runtimes/win/lib/netcoreapp3.0/System.Drawing.Common.dll",
        "runtimes/win/lib/netcoreapp3.0/System.Drawing.Common.xml",
        "system.drawing.common.5.0.0.nupkg.sha512",
        "system.drawing.common.nuspec",
        "useSharedDesignerContext.txt",
        "version.txt"
      ]
    },
    "WordCloud/1.0.0.3": {
      "sha512": "POXpxZmeM1QcSoRM6B3/0D9E8txhLhc15vzT6QaF7XTI+GjVQ7qKG8kUCUEQgCdrnit7qN82aONaexjvxavXDg==",
      "type": "package",
      "path": "wordcloud/1.0.0.3",
      "files": [
        ".nupkg.metadata",
        ".signature.p7s",
        "lib/net45/WordCloud.dll",
        "wordcloud.1.0.0.3.nupkg.sha512",
        "wordcloud.nuspec"
      ]
    }
  },
  "projectFileDependencyGroups": {
    ".NETCoreApp,Version=v3.1": [
      "System.Drawing.Common >= 5.0.0",
      "WordCloud >= 1.0.0.3"
    ]
  },
  "packageFolders": {
    "C:\\Users\\DELL\\.nuget\\packages\\": {},
    "C:\\Program Files\\dotnet\\sdk\\NuGetFallbackFolder": {}
  },
  "project": {
    "version": "1.0.0",
    "restore": {
      "projectUniqueName": "H:\\C#\\分析\\分析.csproj",
      "projectName": "分析",
      "projectPath": "H:\\C#\\分析\\分析.csproj",
      "packagesPath": "C:\\Users\\DELL\\.nuget\\packages\\",
      "outputPath": "H:\\C#\\分析\\obj\\",
      "projectStyle": "PackageReference",
      "fallbackFolders": [
        "C:\\Program Files\\dotnet\\sdk\\NuGetFallbackFolder"
      ],
      "configFilePaths": [
        "C:\\Users\\DELL\\AppData\\Roaming\\NuGet\\NuGet.Config",
        "C:\\Program Files (x86)\\NuGet\\Config\\Microsoft.VisualStudio.Offline.config"
      ],
      "originalTargetFrameworks": [
        "netcoreapp3.1"
      ],
      "sources": {
        "C:\\Program Files (x86)\\Microsoft SDKs\\NuGetPackages\\": {},
        "https://api.nuget.org/v3/index.json": {}
      },
      "frameworks": {
        "netcoreapp3.1": {
          "projectReferences": {}
        }
      },
      "warningProperties": {
        "warnAsError": [
          "NU1605"
        ]
      }
    },
    "frameworks": {
      "netcoreapp3.1": {
        "dependencies": {
          "System.Drawing.Common": {
            "target": "Package",
            "version": "[5.0.0, )"
          },
          "WordCloud": {
            "target": "Package",
            "version": "[1.0.0.3, )"
          }
        },
        "imports": [
          "net461",
          "net462",
          "net47",
          "net471",
          "net472",
          "net48"
        ],
        "assetTargetFallback": true,
        "warn": true,
        "frameworkReferences": {
          "Microsoft.NETCore.App": {
            "privateAssets": "all"
          }
        },
        "runtimeIdentifierGraphPath": "C:\\Program Files\\dotnet\\sdk\\3.1.302\\RuntimeIdentifierGraph.json"
      }
    }
  },
  "logs": [
    {
      "code": "NU1701",
      "level": "Warning",
      "warningLevel": 1,
      "message": "已使用“.NETFramework,Version=v4.6.1, .NETFramework,Version=v4.6.2, .NETFramework,Version=v4.7, .NETFramework,Version=v4.7.1, .NETFramework,Version=v4.7.2, .NETFramework,Version=v4.8”而不是项目目标框架“.NETCoreApp,Version=v3.1”还原包“WordCloud 1.0.0.3”。此包可能与项目不完全兼容。",
      "libraryId": "WordCloud",
      "targetGraphs": [
        ".NETCoreApp,Version=v3.1"
      ]
    }
  ]
}